
Microsoft Visual Studio Solution File, Format Version 12.00
# Visual Studio Version 16
VisualStudioVersion = 16.0.32901.82
MinimumVisualStudioVersion = 10.0.40219.1
Project("{888888A0-9F3D-457C-B088-3A5042F75D52}") = "aaron spam or ham", "aaron spam or ham\aaron spam or ham.pyproj", "{C4792C58-A656-4A21-A8E9-33EBA0054756}"
EndProject
Global
	GlobalSection(SolutionConfigurationPlatforms) = preSolution
		Debug|Any CPU = Debug|Any CPU
		Release|Any CPU = Release|Any CPU
	EndGlobalSection
	GlobalSection(ProjectConfigurationPlatforms) = postSolution
		{C4792C58-A656-4A21-A8E9-33EBA0054756}.Debug|Any CPU.ActiveCfg = Debug|Any CPU
		{C4792C58-A656-4A21-A8E9-33EBA0054756}.Release|Any CPU.ActiveCfg = Release|Any CPU
	EndGlobalSection
	GlobalSection(SolutionProperties) = preSolution
		HideSolutionNode = FALSE
	EndGlobalSection
	GlobalSection(ExtensibilityGlobals) = postSolution
		SolutionGuid = {1F510DBA-9A3C-472F-9387-996678673FB4}
	EndGlobalSection
EndGlobal
